
Microsoft Visual Studio Solution File, Format Version 12.00
# Visual Studio Version 16
VisualStudioVersion = 16.0.29519.181
MinimumVisualStudioVersion = 10.0.40219.1
Project("{FAE04EC0-301F-11D3-BF4B-00C04F79EFBC}") = "HomeAutomation", "HomeAutomation\HomeAutomation.csproj", "{7304333D-0F79-497B-A1B4-C1BF9C88C121}"
EndProject
Global
	GlobalSection(SolutionConfigurationPlatforms) = preSolution
		Debug|Any CPU = Debug|Any CPU
		Release|Any CPU = Release|Any CPU
	EndGlobalSection
	GlobalSection(ProjectConfigurationPlatforms) = postSolution
		{7304333D-0F79-497B-A1B4-C1BF9C88C121}.Debug|Any CPU.ActiveCfg = Debug|Any CPU
		{7304333D-0F79-497B-A1B4-C1BF9C88C121}.Debug|Any CPU.Build.0 = Debug|Any CPU
		{7304333D-0F79-497B-A1B4-C1BF9C88C121}.Release|Any CPU.ActiveCfg = Release|Any CPU
		{7304333D-0F79-497B-A1B4-C1BF9C88C121}.Release|Any CPU.Build.0 = Release|Any CPU
	EndGlobalSection
	GlobalSection(SolutionProperties) = preSolution
		HideSolutionNode = FALSE
	EndGlobalSection
	GlobalSection(ExtensibilityGlobals) = postSolution
		SolutionGuid = {14CEEC5C-1D4F-4E7A-B09D-C7ED1F736900}
	EndGlobalSection
EndGlobal
